
Microsoft Visual Studio Solution File, Format Version 12.00
# Visual Studio Version 16
VisualStudioVersion = 16.0.31624.102
MinimumVisualStudioVersion = 10.0.40219.1
Project("{9A19103F-16F7-4668-BE54-9A1E7A4F7556}") = "WeatherForecast.API", "WeatherForecast.API\WeatherForecast.API.csproj", "{6256402E-61D3-467F-8F90-8FF1002ADCAA}"
EndProject
Project("{2150E333-8FDC-42A3-9474-1A3956D46DE8}") = "Data", "Data", "{F2E655CB-B45C-473D-833E-526193CA62E5}"
EndProject
Project("{9A19103F-16F7-4668-BE54-9A1E7A4F7556}") = "WeatherForecast.Test", "WeatherForecast.Test\WeatherForecast.Test.csproj", "{C207774A-B295-4146-875A-32EAC7A88809}"
EndProject
Project("{2150E333-8FDC-42A3-9474-1A3956D46DE8}") = "Solution Items", "Solution Items", "{A60374B4-EE79-42F8-8553-F4437A3540EB}"
	ProjectSection(SolutionItems) = preProject
		Readme.txt = Readme.txt
	EndProjectSection
EndProject
Project("{9A19103F-16F7-4668-BE54-9A1E7A4F7556}") = "WeatherForecast.Service", "WeatherForecast.Service\WeatherForecast.Service.csproj", "{6A537F87-6D8D-4915-A36F-A9BA3743A75C}"
EndProject
Project("{9A19103F-16F7-4668-BE54-9A1E7A4F7556}") = "WeatherForecast.Data.Entities", "Data\WeatherForecast.Data.Entities\WeatherForecast.Data.Entities.csproj", "{185102EC-427C-4EE5-A99E-FF105D69D2A4}"
EndProject
Global
	GlobalSection(SolutionConfigurationPlatforms) = preSolution
		Debug|Any CPU = Debug|Any CPU
		Release|Any CPU = Release|Any CPU
	EndGlobalSection
	GlobalSection(ProjectConfigurationPlatforms) = postSolution
		{6256402E-61D3-467F-8F90-8FF1002ADCAA}.Debug|Any CPU.ActiveCfg = Debug|Any CPU
		{6256402E-61D3-467F-8F90-8FF1002ADCAA}.Debug|Any CPU.Build.0 = Debug|Any CPU
		{6256402E-61D3-467F-8F90-8FF1002ADCAA}.Release|Any CPU.ActiveCfg = Release|Any CPU
		{6256402E-61D3-467F-8F90-8FF1002ADCAA}.Release|Any CPU.Build.0 = Release|Any CPU
		{C207774A-B295-4146-875A-32EAC7A88809}.Debug|Any CPU.ActiveCfg = Debug|Any CPU
		{C207774A-B295-4146-875A-32EAC7A88809}.Debug|Any CPU.Build.0 = Debug|Any CPU
		{C207774A-B295-4146-875A-32EAC7A88809}.Release|Any CPU.ActiveCfg = Release|Any CPU
		{C207774A-B295-4146-875A-32EAC7A88809}.Release|Any CPU.Build.0 = Release|Any CPU
		{6A537F87-6D8D-4915-A36F-A9BA3743A75C}.Debug|Any CPU.ActiveCfg = Debug|Any CPU
		{6A537F87-6D8D-4915-A36F-A9BA3743A75C}.Debug|Any CPU.Build.0 = Debug|Any CPU
		{6A537F87-6D8D-4915-A36F-A9BA3743A75C}.Release|Any CPU.ActiveCfg = Release|Any CPU
		{6A537F87-6D8D-4915-A36F-A9BA3743A75C}.Release|Any CPU.Build.0 = Release|Any CPU
		{185102EC-427C-4EE5-A99E-FF105D69D2A4}.Debug|Any CPU.ActiveCfg = Debug|Any CPU
		{185102EC-427C-4EE5-A99E-FF105D69D2A4}.Debug|Any CPU.Build.0 = Debug|Any CPU
		{185102EC-427C-4EE5-A99E-FF105D69D2A4}.Release|Any CPU.ActiveCfg = Release|Any CPU
		{185102EC-427C-4EE5-A99E-FF105D69D2A4}.Release|Any CPU.Build.0 = Release|Any CPU
	EndGlobalSection
	GlobalSection(SolutionProperties) = preSolution
		HideSolutionNode = FALSE
	EndGlobalSection
	GlobalSection(NestedProjects) = preSolution
		{185102EC-427C-4EE5-A99E-FF105D69D2A4} = {F2E655CB-B45C-473D-833E-526193CA62E5}
	EndGlobalSection
	GlobalSection(ExtensibilityGlobals) = postSolution
		SolutionGuid = {91A53F46-D4B5-46D2-A4DA-9044D311ACB8}
	EndGlobalSection
EndGlobal
